<Solution>
  <Folder Name="/Task0/">
    <Project Path="Tyuiu.YurlovVN.Sprint0.Task0.V0/Tyuiu.YurlovVN.Sprint0.Task0.V0.csproj" />
  </Folder>
  <Folder Name="/Task1/">
    <Project Path="Tyuiu.YurlovVN.Sprint0.Task1.V0/Tyuiu.YurlovVN.Sprint0.Task1.V0.csproj" />
  </Folder>
  <Folder Name="/Task2/">
    <Project Path="Tyuiu.YurlovVN.Sprint0.Task2.V0.Lib/Tyuiu.YurlovVN.Sprint0.Task2.V0.Lib.csproj" />
    <Project Path="Tyuiu.YurlovVN.Sprint0.Task2.V0.Test/Tyuiu.YurlovVN.Sprint0.Task2.V0.Test.csproj" />
    <Project Path="Tyuiu.YurlovVN.Sprint0.Task2.V0/Tyuiu.YurlovVN.Sprint0.Task2.V0.csproj" />
  </Folder>
  <Folder Name="/Task3/">
    <Project Path="Tyuiu.YurlovVN.Sprint0.Task3.V0.Lib/Tyuiu.YurlovVN.Sprint0.Task3.V0.Lib.csproj" Id="3f27386f-541c-4ab3-8b85-b3ef3e3dea9d" />
    <Project Path="Tyuiu.YurlovVN.Sprint0.Task3.V0.Test/Tyuiu.YurlovVN.Sprint0.Task3.V0.Test.csproj" Id="17708f4b-2fa9-4ab6-a6f5-0d05a3e1a8e9" />
    <Project Path="Tyuiu.YurlovVN.Sprint0.Task3.V0/Tyuiu.YurlovVN.Sprint0.Task3.V0.csproj" Id="1a3eb2e6-8743-425c-9daf-1a88e3e2686c" />
  </Folder>
  <Folder Name="/Task4/">
    <Project Path="Tyuiu.YurlovVN.Sprint0.Task4.V0.Lib/Tyuiu.YurlovVN.Sprint0.Task4.V0.Lib.csproj" Id="945efb82-8588-4180-80a2-31fb339a8d2e" />
    <Project Path="Tyuiu.YurlovVN.Sprint0.Task4.V0.Test/Tyuiu.YurlovVN.Sprint0.Task4.V0.Test.csproj" Id="e2a4a557-688e-4d2a-a18f-9dc9a5a9f92a" />
    <Project Path="Tyuiu.YurlovVN.Sprint0.Task4.V0/Tyuiu.YurlovVN.Sprint0.Task4.V0.csproj" Id="a5d624f6-4ff7-40f1-bb25-526f8b890e2a" />
  </Folder>
  <Folder Name="/Task5/">
    <Project Path="Tyuiu.YurlovVN.Sprint0.Task5.V0.Lib/Tyuiu.YurlovVN.Sprint0.Task5.V0.Lib.csproj" Id="499d7585-4621-470d-a2bf-c2786fdb4f33" />
    <Project Path="Tyuiu.YurlovVN.Sprint0.Task5.V0.Test/Tyuiu.YurlovVN.Sprint0.Task5.V0.Test.csproj" Id="dd4b5563-5381-4786-a57d-b98e21b04d57" />
    <Project Path="Tyuiu.YurlovVN.Sprint0.Task5.V0/Tyuiu.YurlovVN.Sprint0.Task5.V0.csproj" Id="f853ec3e-2a6a-452d-a831-a774308e4154" />
  </Folder>
  <Folder Name="/Task6/">
    <Project Path="Tyuiu.YurlovVN.Sprint0.Task6.V0.Lib/Tyuiu.YurlovVN.Sprint0.Task6.V0.Lib.csproj" Id="af0b3457-4be2-4fb9-bc86-2f7fbd977600" />
    <Project Path="Tyuiu.YurlovVN.Sprint0.Task6.V0/Tyuiu.YurlovVN.Sprint0.Task6.V0.csproj" Id="2dfdda56-b80d-4361-a733-2765f66d7075" />
    <Project Path="VTyuiu.YurlovVN.Sprint0.Task6.V0.Test/Tyuiu.YurlovVN.Sprint0.Task6.V0.Test.csproj" Id="7ac775d1-91e6-4658-926c-45bad40d8802" />
  </Folder>
</Solution>
