<Solution>
  <Folder Name="/Task0/">
    <Project Path="Tyuiu.YurlovVN.Sprint0.Task0.V0/Tyuiu.YurlovVN.Sprint0.Task0.V0.csproj" />
  </Folder>
  <Folder Name="/Task1/">
    <Project Path="Tyuiu.YurlovVN.Sprint0.Task1.V0/Tyuiu.YurlovVN.Sprint0.Task1.V0.csproj" />
  </Folder>
  <Folder Name="/Task2/">
    <Project Path="Tyuiu.YurlovVN.Sprint0.Task2.V0.Lib/Tyuiu.YurlovVN.Sprint0.Task2.V0.Lib.csproj" />
    <Project Path="Tyuiu.YurlovVN.Sprint0.Task2.V0.Test/Tyuiu.YurlovVN.Sprint0.Task2.V0.Test.csproj" />
    <Project Path="Tyuiu.YurlovVN.Sprint0.Task2.V0/Tyuiu.YurlovVN.Sprint0.Task2.V0.csproj" />
  </Folder>
  <Folder Name="/Task3/">
    <Project Path="Tyuiu.YurlovVN.Sprint0.Task3.V0.Lib/Tyuiu.YurlovVN.Sprint0.Task3.V0.Lib.csproj" Id="3f27386f-541c-4ab3-8b85-b3ef3e3dea9d" />
    <Project Path="Tyuiu.YurlovVN.Sprint0.Task3.V0.Test/Tyuiu.YurlovVN.Sprint0.Task3.V0.Test.csproj" Id="17708f4b-2fa9-4ab6-a6f5-0d05a3e1a8e9" />
    <Project Path="Tyuiu.YurlovVN.Sprint0.Task3.V0/Tyuiu.YurlovVN.Sprint0.Task3.V0.csproj" Id="1a3eb2e6-8743-425c-9daf-1a88e3e2686c" />
  </Folder>
  <Project Path="Tyuiu.YurlovVN.Sprint0/Tyuiu.YurlovVN.Sprint0.csproj" />
</Solution>
